
Microsoft Visual Studio Solution File, Format Version 12.00
# Visual Studio Version 17
VisualStudioVersion = 17.4.33205.214
MinimumVisualStudioVersion = 10.0.40219.1
Project("{FAE04EC0-301F-11D3-BF4B-00C04F79EFBC}") = "testdotnetwebapi", "testdotnetwebapi\testdotnetwebapi.csproj", "{51CD78CA-1FEC-454A-A103-A435AA3B2557}"
EndProject
Global
	GlobalSection(SolutionConfigurationPlatforms) = preSolution
		Debug|Any CPU = Debug|Any CPU
		Release|Any CPU = Release|Any CPU
	EndGlobalSection
	GlobalSection(ProjectConfigurationPlatforms) = postSolution
		{51CD78CA-1FEC-454A-A103-A435AA3B2557}.Debug|Any CPU.ActiveCfg = Debug|Any CPU
		{51CD78CA-1FEC-454A-A103-A435AA3B2557}.Debug|Any CPU.Build.0 = Debug|Any CPU
		{51CD78CA-1FEC-454A-A103-A435AA3B2557}.Release|Any CPU.ActiveCfg = Release|Any CPU
		{51CD78CA-1FEC-454A-A103-A435AA3B2557}.Release|Any CPU.Build.0 = Release|Any CPU
	EndGlobalSection
	GlobalSection(SolutionProperties) = preSolution
		HideSolutionNode = FALSE
	EndGlobalSection
	GlobalSection(ExtensibilityGlobals) = postSolution
		SolutionGuid = {CCE137A4-2D6D-40F8-9CBC-B30548D65996}
	EndGlobalSection
EndGlobal
